github.com/MattSScott/basePlatformSOMAS v1.4.1 h1:bvOC1VliIral2vd4pweiLgswcXUYYCJenWv7XSmA7Ok=
github.com/MattSScott/basePlatformSOMAS v1.4.1/go.mod h1:x/YnbxHBm4BqbSCGUUFKLtQMz8SkW+OVuth3g1BEap8=
github.com/google/uuid v1.3.0 h1:t6JiXgmwXMjEs8VusXIJk2BXHsn+wx8BZdTaoZ5fu7I=
github.com/google/uuid v1.3.0/go.mod h1:TIyPZe4MgqvfeYDBFedMoGGpEw/LqOeaOT+nhxU+yHo=
